PODS:
  - BigInt (3.1.0):
    - SipHash (~> 1.2)
  - CryptoSwift (0.13.1)
  - MnemonicKit (1.3.0):
    - CryptoSwift (~> 0.13.1)
  - Result (4.0.1)
  - SipHash (1.2.2)
  - Sodium (0.7.0)
  - TezosGen (1.0.3):
    - TezosSwift (~> 1.0)
  - TezosSwift (1.0):
    - BigInt (~> 3.1)
    - MnemonicKit (~> 1.3.0)
    - Result (~> 4.0.0)
    - Sodium (~> 0.7.0)

DEPENDENCIES:
  - TezosGen (~> 1.0.3)

SPEC REPOS:
  https://github.com/cocoapods/specs.git:
    - BigInt
    - CryptoSwift
    - MnemonicKit
    - Result
    - SipHash
    - Sodium
    - TezosGen
    - TezosSwift

SPEC CHECKSUMS:
  BigInt: 76b5dfdfa3e2e478d4ffdf161aeede5502e2742f
  CryptoSwift: ff68c35a53e03177d31aaa2c1e8b3e010aeed6cb
  MnemonicKit: 4f55831a04bc4a24e67b959c715338a529e8acb5
  Result: a6e784bebf48b471d59cddc1adb81f41f678c487
  SipHash: fad90a4683e420c52ef28063063dbbce248ea6d4
  Sodium: c5510cc6f5e1b27858e5f260b5cac80d4a3f9379
  TezosGen: a82f6072d0f5b4840a5bff7b30e5572f82a2e012
  TezosSwift: 34354847130f242e1020a2a45a7f8264b80dfc99

PODFILE CHECKSUM: 3d0fb88da9abe6cec74b3b6863e12c5fd3d04d7d

COCOAPODS: 1.6.0.beta.2
